
Microsoft Visual Studio Solution File, Format Version 12.00
# Visual Studio 15
Project("{FAE04EC0-301F-11D3-BF4B-00C04F79EFBC}") = "Assembly-CSharp", "Assembly-CSharp.csproj", "{FF17C13B-2138-816D-91B1-81CC7C5BFDDF}"
EndProject
Project("{FAE04EC0-301F-11D3-BF4B-00C04F79EFBC}") = "Assembly-CSharp-Editor", "Assembly-CSharp-Editor.csproj", "{2ABE9F45-F145-259A-11A3-66E1F1304E46}"
EndProject
Global
	GlobalSection(SolutionConfigurationPlatforms) = preSolution
		Debug|Any CPU = Debug|Any CPU
		Release|Any CPU = Release|Any CPU
	EndGlobalSection
	GlobalSection(ProjectConfigurationPlatforms) = postSolution
		{FF17C13B-2138-816D-91B1-81CC7C5BFDDF}.Debug|Any CPU.ActiveCfg = Debug|Any CPU
		{FF17C13B-2138-816D-91B1-81CC7C5BFDDF}.Debug|Any CPU.Build.0 = Debug|Any CPU
		{FF17C13B-2138-816D-91B1-81CC7C5BFDDF}.Release|Any CPU.ActiveCfg = Release|Any CPU
		{FF17C13B-2138-816D-91B1-81CC7C5BFDDF}.Release|Any CPU.Build.0 = Release|Any CPU
		{2ABE9F45-F145-259A-11A3-66E1F1304E46}.Debug|Any CPU.ActiveCfg = Debug|Any CPU
		{2ABE9F45-F145-259A-11A3-66E1F1304E46}.Debug|Any CPU.Build.0 = Debug|Any CPU
		{2ABE9F45-F145-259A-11A3-66E1F1304E46}.Release|Any CPU.ActiveCfg = Release|Any CPU
		{2ABE9F45-F145-259A-11A3-66E1F1304E46}.Release|Any CPU.Build.0 = Release|Any CPU
	EndGlobalSection
	GlobalSection(SolutionProperties) = preSolution
		HideSolutionNode = FALSE
	EndGlobalSection
EndGlobal
